<Solution>
  <Folder Name="/src/">
    <Project Path="src/Truss.Application.Abstractions/Truss.Application.Abstractions.csproj" />
    <Project Path="src/Truss.Application/Truss.Application.csproj" />
    <Project Path="src/Truss.AspNetCore/Truss.AspNetCore.csproj" />
    <Project Path="src/Truss.Auth.Abstractions/Truss.Auth.Abstractions.csproj" />
    <Project Path="src/Truss.Auth.Jwt/Truss.Auth.Jwt.csproj" />
    <Project Path="src/Truss.Cli/Truss.Cli.csproj" />
    <Project Path="src/Truss.Domain/Truss.Domain.csproj" />
    <Project Path="src/Truss.Email.Abstractions/Truss.Email.Abstractions.csproj" />
    <Project Path="src/Truss.Email.Resend/Truss.Email.Resend.csproj" />
    <Project Path="src/Truss.Email/Truss.Email.csproj" />
    <Project Path="src/Truss.Generators/Truss.Generators.csproj" />
    <Project Path="src/Truss.Jobs.Abstractions/Truss.Jobs.Abstractions.csproj" />
    <Project Path="src/Truss.Jobs.AspNetCore/Truss.Jobs.AspNetCore.csproj" />
    <Project Path="src/Truss.Messaging.AspNetCore/Truss.Messaging.AspNetCore.csproj" />
    <Project Path="src/Truss.Jobs.EntityFrameworkCore/Truss.Jobs.EntityFrameworkCore.csproj" />
    <Project Path="src/Truss.Jobs/Truss.Jobs.csproj" />
    <Project Path="src/Truss.Mapping/Truss.Mapping.csproj" />
    <Project Path="src/Truss.Messaging.Abstractions/Truss.Messaging.Abstractions.csproj" />
    <Project Path="src/Truss.Messaging.EntityFrameworkCore/Truss.Messaging.EntityFrameworkCore.csproj" />
    <Project Path="src/Truss.Messaging.Postgres/Truss.Messaging.Postgres.csproj" />
    <Project Path="src/Truss.Messaging.RabbitMq/Truss.Messaging.RabbitMq.csproj" />
    <Project Path="src/Truss.Messaging.Redis/Truss.Messaging.Redis.csproj" />
    <Project Path="src/Truss.Messaging/Truss.Messaging.csproj" />
    <Project Path="src/Truss.Observability.AspNetCore/Truss.Observability.AspNetCore.csproj" />
    <Project Path="src/Truss.Observability.OpenTelemetry/Truss.Observability.OpenTelemetry.csproj" />
    <Project Path="src/Truss.Observability/Truss.Observability.csproj" />
    <Project Path="src/Truss.Persistence.EntityFrameworkCore/Truss.Persistence.EntityFrameworkCore.csproj" />
    <Project Path="src/Truss.Rbac.EntityFrameworkCore/Truss.Rbac.EntityFrameworkCore.csproj" />
    <Project Path="src/Truss.Rbac/Truss.Rbac.csproj" />
    <Project Path="src/Truss.Tenancy.Abstractions/Truss.Tenancy.Abstractions.csproj" />
    <Project Path="src/Truss.Tenancy.AspNetCore/Truss.Tenancy.AspNetCore.csproj" />
    <Project Path="src/Truss.Tenancy.EntityFrameworkCore/Truss.Tenancy.EntityFrameworkCore.csproj" />
    <Project Path="src/Truss.Testing/Truss.Testing.csproj" />
  </Folder>
  <Folder Name="/tests/">
    <Project Path="tests/Truss.Application.Tests/Truss.Application.Tests.csproj" />
    <Project Path="tests/Truss.AspNetCore.Tests/Truss.AspNetCore.Tests.csproj" />
    <Project Path="tests/Truss.Auth.Jwt.Tests/Truss.Auth.Jwt.Tests.csproj" />
    <Project Path="tests/Truss.Cli.Tests/Truss.Cli.Tests.csproj" />
    <Project Path="tests/Truss.Domain.Tests/Truss.Domain.Tests.csproj" />
    <Project Path="tests/Truss.Email.Tests/Truss.Email.Tests.csproj" />
    <Project Path="tests/Truss.Generators.Tests/Truss.Generators.Tests.csproj" />
    <Project Path="tests/Truss.Jobs.Tests/Truss.Jobs.Tests.csproj" />
    <Project Path="tests/Truss.Mapping.Tests/Truss.Mapping.Tests.csproj" />
    <Project Path="tests/Truss.Messaging.Tests/Truss.Messaging.Tests.csproj" />
    <Project Path="tests/Truss.Messaging.Transports.Tests/Truss.Messaging.Transports.Tests.csproj" />
    <Project Path="tests/Truss.Observability.Tests/Truss.Observability.Tests.csproj" />
    <Project Path="tests/Truss.Persistence.EntityFrameworkCore.Tests/Truss.Persistence.EntityFrameworkCore.Tests.csproj" />
    <Project Path="tests/Truss.Rbac.Tests/Truss.Rbac.Tests.csproj" />
    <Project Path="tests/Truss.Tenancy.Tests/Truss.Tenancy.Tests.csproj" />
    <Project Path="tests/Truss.Testing.Tests/Truss.Testing.Tests.csproj" />
  </Folder>
</Solution>
